
Microsoft Visual Studio Solution File, Format Version 12.00
# Visual Studio Version 16
VisualStudioVersion = 16.0.810.20
MinimumVisualStudioVersion = 10.0.40219.1
Project("{FAE04EC0-301F-11D3-BF4B-00C04F79EFBC}") = "DeckOfCards", "DeckOfCards\DeckOfCards.csproj", "{074C42CB-6213-4F4A-A7B1-83AFF59524B0}"
EndProject
Global
	GlobalSection(SolutionConfigurationPlatforms) = preSolution
		Debug|Any CPU = Debug|Any CPU
		Release|Any CPU = Release|Any CPU
	EndGlobalSection
	GlobalSection(ProjectConfigurationPlatforms) = postSolution
		{074C42CB-6213-4F4A-A7B1-83AFF59524B0}.Debug|Any CPU.ActiveCfg = Debug|Any CPU
		{074C42CB-6213-4F4A-A7B1-83AFF59524B0}.Debug|Any CPU.Build.0 = Debug|Any CPU
		{074C42CB-6213-4F4A-A7B1-83AFF59524B0}.Release|Any CPU.ActiveCfg = Release|Any CPU
		{074C42CB-6213-4F4A-A7B1-83AFF59524B0}.Release|Any CPU.Build.0 = Release|Any CPU
	EndGlobalSection
	GlobalSection(SolutionProperties) = preSolution
		HideSolutionNode = FALSE
	EndGlobalSection
	GlobalSection(ExtensibilityGlobals) = postSolution
		SolutionGuid = {6B886A0A-49D9-4E31-87E7-E2DEA5750D04}
	EndGlobalSection
EndGlobal
